
Microsoft Visual Studio Solution File, Format Version 12.00
# Visual Studio Version 16
VisualStudioVersion = 16.0.31205.134
MinimumVisualStudioVersion = 10.0.40219.1
Project("{FAE04EC0-301F-11D3-BF4B-00C04F79EFBC}") = "BankDbtier", "BankDbtier\BankDbtier.csproj", "{60ABDDB8-892A-4EBE-9886-131A37EE4523}"
EndProject
Project("{FAE04EC0-301F-11D3-BF4B-00C04F79EFBC}") = "BankApplication", "..\BankApplication\BankApplication\BankApplication.csproj", "{6B80900E-5E23-42CA-934A-479E179E1E39}"
EndProject
Global
	GlobalSection(SolutionConfigurationPlatforms) = preSolution
		Debug|Any CPU = Debug|Any CPU
		Release|Any CPU = Release|Any CPU
	EndGlobalSection
	GlobalSection(ProjectConfigurationPlatforms) = postSolution
		{60ABDDB8-892A-4EBE-9886-131A37EE4523}.Debug|Any CPU.ActiveCfg = Debug|Any CPU
		{60ABDDB8-892A-4EBE-9886-131A37EE4523}.Debug|Any CPU.Build.0 = Debug|Any CPU
		{60ABDDB8-892A-4EBE-9886-131A37EE4523}.Release|Any CPU.ActiveCfg = Release|Any CPU
		{60ABDDB8-892A-4EBE-9886-131A37EE4523}.Release|Any CPU.Build.0 = Release|Any CPU
		{6B80900E-5E23-42CA-934A-479E179E1E39}.Debug|Any CPU.ActiveCfg = Debug|Any CPU
		{6B80900E-5E23-42CA-934A-479E179E1E39}.Debug|Any CPU.Build.0 = Debug|Any CPU
		{6B80900E-5E23-42CA-934A-479E179E1E39}.Release|Any CPU.ActiveCfg = Release|Any CPU
		{6B80900E-5E23-42CA-934A-479E179E1E39}.Release|Any CPU.Build.0 = Release|Any CPU
	EndGlobalSection
	GlobalSection(SolutionProperties) = preSolution
		HideSolutionNode = FALSE
	EndGlobalSection
	GlobalSection(ExtensibilityGlobals) = postSolution
		SolutionGuid = {8A7A918D-B464-4042-B332-D585B77EEB7D}
	EndGlobalSection
EndGlobal
